hash: e0cd5a4e9c8447b843aeb379ad09c284aeb62427c41ec6df9f26f4b64deaf0e6
updated: 2017-01-12T16:05:30.9864433+01:00
imports:
- name: github.com/gorilla/context
  version: 08b5f424b9271eedf6f9f0ce86cb9396ed337a42
- name: github.com/gorilla/mux
  version: 0eeaf8392f5b04950925b8a69fe70f110fa7cbfc
testImports: []
